
Microsoft Visual Studio Solution File, Format Version 12.00
# Visual Studio Version 17
VisualStudioVersion = 17.3.32819.101
MinimumVisualStudioVersion = 10.0.40219.1
Project("{9A19103F-16F7-4668-BE54-9A1E7A4F7556}") = "QueryUi_E2E_Automation", "QueryUi_E2E_Automation\QueryUi_E2E_Automation.csproj", "{2FB4165B-484F-4027-B091-10DF14B5E423}"
EndProject
Project("{2150E333-8FDC-42A3-9474-1A3956D46DE8}") = "Solution Items", "Solution Items", "{18D521A3-1CA5-45B3-AC0E-34195F2A5E2C}"
	ProjectSection(SolutionItems) = preProject
		.runsettings = .runsettings
		DEV.runsettings = DEV.runsettings
		DEV2.runsettings = DEV2.runsettings
		QA.runsettings = QA.runsettings
		TEST1.runsettings = TEST1.runsettings
		TEST3.runsettings = TEST3.runsettings
	EndProjectSection
EndProject
Project("{9A19103F-16F7-4668-BE54-9A1E7A4F7556}") = "QueryUi_E2E_Maps", "QueryUi_E2E_Maps\QueryUi_E2E_Maps.csproj", "{A4B1231A-6A81-4B92-9C44-70C39D9FABB8}"
EndProject
Global
	GlobalSection(SolutionConfigurationPlatforms) = preSolution
		Debug|Any CPU = Debug|Any CPU
		Dev|Any CPU = Dev|Any CPU
		Dev2|Any CPU = Dev2|Any CPU
		QA|Any CPU = QA|Any CPU
		Release|Any CPU = Release|Any CPU
	EndGlobalSection
	GlobalSection(ProjectConfigurationPlatforms) = postSolution
		{2FB4165B-484F-4027-B091-10DF14B5E423}.Debug|Any CPU.ActiveCfg = Debug|Any CPU
		{2FB4165B-484F-4027-B091-10DF14B5E423}.Debug|Any CPU.Build.0 = Debug|Any CPU
		{2FB4165B-484F-4027-B091-10DF14B5E423}.Dev|Any CPU.ActiveCfg = Debug|Any CPU
		{2FB4165B-484F-4027-B091-10DF14B5E423}.Dev|Any CPU.Build.0 = Debug|Any CPU
		{2FB4165B-484F-4027-B091-10DF14B5E423}.Dev2|Any CPU.ActiveCfg = Debug|Any CPU
		{2FB4165B-484F-4027-B091-10DF14B5E423}.Dev2|Any CPU.Build.0 = Debug|Any CPU
		{2FB4165B-484F-4027-B091-10DF14B5E423}.QA|Any CPU.ActiveCfg = Debug|Any CPU
		{2FB4165B-484F-4027-B091-10DF14B5E423}.QA|Any CPU.Build.0 = Debug|Any CPU
		{2FB4165B-484F-4027-B091-10DF14B5E423}.Release|Any CPU.ActiveCfg = Release|Any CPU
		{2FB4165B-484F-4027-B091-10DF14B5E423}.Release|Any CPU.Build.0 = Release|Any CPU
		{A4B1231A-6A81-4B92-9C44-70C39D9FABB8}.Debug|Any CPU.ActiveCfg = Debug|Any CPU
		{A4B1231A-6A81-4B92-9C44-70C39D9FABB8}.Debug|Any CPU.Build.0 = Debug|Any CPU
		{A4B1231A-6A81-4B92-9C44-70C39D9FABB8}.Dev|Any CPU.ActiveCfg = Dev|Any CPU
		{A4B1231A-6A81-4B92-9C44-70C39D9FABB8}.Dev|Any CPU.Build.0 = Dev|Any CPU
		{A4B1231A-6A81-4B92-9C44-70C39D9FABB8}.Dev2|Any CPU.ActiveCfg = Debug|Any CPU
		{A4B1231A-6A81-4B92-9C44-70C39D9FABB8}.Dev2|Any CPU.Build.0 = Debug|Any CPU
		{A4B1231A-6A81-4B92-9C44-70C39D9FABB8}.QA|Any CPU.ActiveCfg = QA|Any CPU
		{A4B1231A-6A81-4B92-9C44-70C39D9FABB8}.QA|Any CPU.Build.0 = QA|Any CPU
		{A4B1231A-6A81-4B92-9C44-70C39D9FABB8}.Release|Any CPU.ActiveCfg = Release|Any CPU
		{A4B1231A-6A81-4B92-9C44-70C39D9FABB8}.Release|Any CPU.Build.0 = Release|Any CPU
	EndGlobalSection
	GlobalSection(SolutionProperties) = preSolution
		HideSolutionNode = FALSE
	EndGlobalSection
	GlobalSection(ExtensibilityGlobals) = postSolution
		SolutionGuid = {818794C1-F925-4746-AA10-28B4B173F2E2}
	EndGlobalSection
EndGlobal
